version = 1
revision = 3
requires-python = "==3.12.*"

[[package]]
name = "certifi"
version = "2026.4.22"
source = { registry = "https://pypi.org/simple" }
sdist = { url = "https://files.pythonhosted.org/packages/25/ee/6caf7a40c36a1220410afe15a1cc64993a1f864871f698c0f93acb72842a/certifi-2026.4.22.tar.gz", hash = "sha256:8d455352a37b71bf76a79caa83a3d6c25afee4a385d632127b6afb3963f1c580", size = 137077, upload-time = "2026-04-22T11:26:11.191Z" }
wheels = [
    { url = "https://files.pythonhosted.org/packages/22/30/7cd8fdcdfbc5b869528b079bfb76dcdf6056b1a2097a662e5e8c04f42965/certifi-2026.4.22-py3-none-any.whl", hash = "sha256:3cb2210c8f88ba2318d29b0388d1023c8492ff72ecdde4ebdaddbb13a31b1c4a", size = 135707, upload-time = "2026-04-22T11:26:09.372Z" },
]

[[package]]
name = "doubow"
version = "0.1.0"
source = { virtual = "." }
dependencies = [
    { name = "sentry-sdk" },
]

[package.metadata]
requires-dist = [{ name = "sentry-sdk", specifier = ">=2.35.0" }]

[[package]]
name = "sentry-sdk"
version = "2.58.0"
source = { registry = "https://pypi.org/simple" }
dependencies = [
    { name = "certifi" },
    { name = "urllib3" },
]
sdist = { url = "https://files.pythonhosted.org/packages/26/b3/fb8291170d0e844173164709fc0fa0c221ed75a5da740c8746f2a83b4eb1/sentry_sdk-2.58.0.tar.gz", hash = "sha256:c1144d947352d54e5b7daa63596d9f848adf684989c06c4f5a659f0c85a18f6f", size = 438764, upload-time = "2026-04-13T17:23:26.265Z" }
wheels = [
    { url = "https://files.pythonhosted.org/packages/fa/eb/d875669993b762556ae8b2efd86219943b4c0864d22204d622a9aee3052b/sentry_sdk-2.58.0-py2.py3-none-any.whl", hash = "sha256:688d1c704ddecf382ea3326f21a67453d4caa95592d722b7c780a36a9d23109e", size = 460919, upload-time = "2026-04-13T17:23:24.675Z" },
]

[[package]]
name = "urllib3"
version = "2.6.3"
source = { registry = "https://pypi.org/simple" }
sdist = { url = "https://files.pythonhosted.org/packages/c7/24/5f1b3bdffd70275f6661c76461e25f024d5a38a46f04aaca912426a2b1d3/urllib3-2.6.3.tar.gz", hash = "sha256:1b62b6884944a57dbe321509ab94fd4d3b307075e0c2eae991ac71ee15ad38ed", size = 435556, upload-time = "2026-01-07T16:24:43.925Z" }
wheels = [
    { url = "https://files.pythonhosted.org/packages/39/08/aaaad47bc4e9dc8c725e68f9d04865dbcb2052843ff09c97b08904852d84/urllib3-2.6.3-py3-none-any.whl", hash = "sha256:bf272323e553dfb2e87d9bfd225ca7b0f467b919d7bbd355436d3fd37cb0acd4", size = 131584, upload-time = "2026-01-07T16:24:42.685Z" },
]
